// !$*UTF8*$!
{
	archiveVersion = 1;
	classes = {
	};
	objectVersion = 56;
	objects = {

/* Begin PBXBuildFile section */
		764EF6412ABA41ED00A0E8CB /* README.md in Resources */ = {isa = PBXBuildFile; fileRef = 764EF6402ABA41ED00A0E8CB /* README.md */; };
		766C5CDE2AB8CEB0006EDAE5 /* CoreML_FirstApp.swift in Sources */ = {isa = PBXBuildFile; fileRef = 766C5CDD2AB8CEB0006EDAE5 /* CoreML_FirstApp.swift */; };
		766C5CE02AB8CEB0006EDAE5 /* PictureView.swift in Sources */ = {isa = PBXBuildFile; fileRef = 766C5CDF2AB8CEB0006EDAE5 /* PictureView.swift */; };
		766C5CE22AB8CEB0006EDAE5 /* Assets.xcassets in Resources */ = {isa = PBXBuildFile; fileRef = 766C5CE12AB8CEB0006EDAE5 /* Assets.xcassets */; };
		766C5CE52AB8CEB0006EDAE5 /* Preview Assets.xcassets in Resources */ = {isa = PBXBuildFile; fileRef = 766C5CE42AB8CEB0006EDAE5 /* Preview Assets.xcassets */; };
		766C5CEF2AB8CEB0006EDAE5 /* CoreML_FirstTests.swift in Sources */ = {isa = PBXBuildFile; fileRef = 766C5CEE2AB8CEB0006EDAE5 /* CoreML_FirstTests.swift */; };
		766C5CF92AB8CEB0006EDAE5 /* CoreML_FirstUITests.swift in Sources */ = {isa = PBXBuildFile; fileRef = 766C5CF82AB8CEB0006EDAE5 /* CoreML_FirstUITests.swift */; };
		766C5CFB2AB8CEB0006EDAE5 /* CoreML_FirstUITestsLaunchTests.swift in Sources */ = {isa = PBXBuildFile; fileRef = 766C5CFA2AB8CEB0006EDAE5 /* CoreML_FirstUITestsLaunchTests.swift */; };
		766C5D092AB8D194006EDAE5 /* Resnet50.mlmodel in Sources */ = {isa = PBXBuildFile; fileRef = 766C5D082AB8D194006EDAE5 /* Resnet50.mlmodel */; };
		76B76AA32AC1ACFA00312A53 /* ImageCard.swift in Sources */ = {isa = PBXBuildFile; fileRef = 76B76AA22AC1ACFA00312A53 /* ImageCard.swift */; };
		76ECE5FB2AC1EB57002FE763 /* CaptureView.swift in Sources */ = {isa = PBXBuildFile; fileRef = 76ECE5FA2AC1EB57002FE763 /* CaptureView.swift */; };
		76ECE5FD2AC23A4F002FE763 /* CameraManager.swift in Sources */ = {isa = PBXBuildFile; fileRef = 76ECE5FC2AC23A4F002FE763 /* CameraManager.swift */; };
/* End PBXBuildFile section */

/* Begin PBXContainerItemProxy section */
		766C5CEB2AB8CEB0006EDAE5 /* PBXContainerItemProxy */ = {
			isa = PBXContainerItemProxy;
			containerPortal = 766C5CD22AB8CEB0006EDAE5 /* Project object */;
			proxyType = 1;
			remoteGlobalIDString = 766C5CD92AB8CEB0006EDAE5;
			remoteInfo = "CoreML-First";
		};
		766C5CF52AB8CEB0006EDAE5 /* PBXContainerItemProxy */ = {
			isa = PBXContainerItemProxy;
			containerPortal = 766C5CD22AB8CEB0006EDAE5 /* Project object */;
			proxyType = 1;
			remoteGlobalIDString = 766C5CD92AB8CEB0006EDAE5;
			remoteInfo = "CoreML-First";
		};
/* End PBXContainerItemProxy section */

/* Begin PBXFileReference section */
		764EF6402ABA41ED00A0E8CB /* README.md */ = {isa = PBXFileReference; lastKnownFileType = net.daringfireball.markdown; path = README.md; sourceTree = "<group>"; };
		766C5CDA2AB8CEB0006EDAE5 /* CoreML-First.app */ = {isa = PBXFileReference; explicitFileType = wrapper.application; includeInIndex = 0; path = "CoreML-First.app"; sourceTree = BUILT_PRODUCTS_DIR; };
		766C5CDD2AB8CEB0006EDAE5 /* CoreML_FirstApp.swift */ = {isa = PBXFileReference; lastKnownFileType = sourcecode.swift; path = CoreML_FirstApp.swift; sourceTree = "<group>"; };
		766C5CDF2AB8CEB0006EDAE5 /* PictureView.swift */ = {isa = PBXFileReference; lastKnownFileType = sourcecode.swift; path = PictureView.swift; sourceTree = "<group>"; };
		766C5CE12AB8CEB0006EDAE5 /* Assets.xcassets */ = {isa = PBXFileReference; lastKnownFileType = folder.assetcatalog; path = Assets.xcassets; sourceTree = "<group>"; };
		766C5CE42AB8CEB0006EDAE5 /* Preview Assets.xcassets */ = {isa = PBXFileReference; lastKnownFileType = folder.assetcatalog; path = "Preview Assets.xcassets"; sourceTree = "<group>"; };
		766C5CEA2AB8CEB0006EDAE5 /* CoreML-FirstTests.xctest */ = {isa = PBXFileReference; explicitFileType = wrapper.cfbundle; includeInIndex = 0; path = "CoreML-FirstTests.xctest"; sourceTree = BUILT_PRODUCTS_DIR; };
		766C5CEE2AB8CEB0006EDAE5 /* CoreML_FirstTests.swift */ = {isa = PBXFileReference; lastKnownFileType = sourcecode.swift; path = CoreML_FirstTests.swift; sourceTree = "<group>"; };
		766C5CF42AB8CEB0006EDAE5 /* CoreML-FirstUITests.xctest */ = {isa = PBXFileReference; explicitFileType = wrapper.cfbundle; includeInIndex = 0; path = "CoreML-FirstUITests.xctest"; sourceTree = BUILT_PRODUCTS_DIR; };
		766C5CF82AB8CEB0006EDAE5 /* CoreML_FirstUITests.swift */ = {isa = PBXFileReference; lastKnownFileType = sourcecode.swift; path = CoreML_FirstUITests.swift; sourceTree = "<group>"; };
		766C5CFA2AB8CEB0006EDAE5 /* CoreML_FirstUITestsLaunchTests.swift */ = {isa = PBXFileReference; lastKnownFileType = sourcecode.swift; path = CoreML_FirstUITestsLaunchTests.swift; sourceTree = "<group>"; };
		766C5D082AB8D194006EDAE5 /* Resnet50.mlmodel */ = {isa = PBXFileReference; lastKnownFileType = file.mlmodel; path = Resnet50.mlmodel; sourceTree = "<group>"; };
		76B76AA22AC1ACFA00312A53 /* ImageCard.swift */ = {isa = PBXFileReference; lastKnownFileType = sourcecode.swift; path = ImageCard.swift; sourceTree = "<group>"; };
		76ECE5FA2AC1EB57002FE763 /* CaptureView.swift */ = {isa = PBXFileReference; lastKnownFileType = sourcecode.swift; path = CaptureView.swift; sourceTree = "<group>"; };
		76ECE5FC2AC23A4F002FE763 /* CameraManager.swift */ = {isa = PBXFileReference; lastKnownFileType = sourcecode.swift; path = CameraManager.swift; sourceTree = "<group>"; };
/* End PBXFileReference section */

/* Begin PBXFrameworksBuildPhase section */
		766C5CD72AB8CEB0006EDAE5 /* Frameworks */ = {
			isa = PBXFrameworksBuildPhase;
			buildActionMask = 2147483647;
			files = (
			);
			runOnlyForDeploymentPostprocessing = 0;
		};
		766C5CE72AB8CEB0006EDAE5 /* Frameworks */ = {
			isa = PBXFrameworksBuildPhase;
			buildActionMask = 2147483647;
			files = (
			);
			runOnlyForDeploymentPostprocessing = 0;
		};
		766C5CF12AB8CEB0006EDAE5 /* Frameworks */ = {
			isa = PBXFrameworksBuildPhase;
			buildActionMask = 2147483647;
			files = (
			);
			runOnlyForDeploymentPostprocessing = 0;
		};
/* End PBXFrameworksBuildPhase section */

/* Begin PBXGroup section */
		766C5CD12AB8CEB0006EDAE5 = {
			isa = PBXGroup;
			children = (
				764EF6402ABA41ED00A0E8CB /* README.md */,
				766C5CDC2AB8CEB0006EDAE5 /* CoreML-First */,
				766C5CED2AB8CEB0006EDAE5 /* CoreML-FirstTests */,
				766C5CF72AB8CEB0006EDAE5 /* CoreML-FirstUITests */,
				766C5CDB2AB8CEB0006EDAE5 /* Products */,
			);
			sourceTree = "<group>";
		};
		766C5CDB2AB8CEB0006EDAE5 /* Products */ = {
			isa = PBXGroup;
			children = (
				766C5CDA2AB8CEB0006EDAE5 /* CoreML-First.app */,
				766C5CEA2AB8CEB0006EDAE5 /* CoreML-FirstTests.xctest */,
				766C5CF42AB8CEB0006EDAE5 /* CoreML-FirstUITests.xctest */,
			);
			name = Products;
			sourceTree = "<group>";
		};
		766C5CDC2AB8CEB0006EDAE5 /* CoreML-First */ = {
			isa = PBXGroup;
			children = (
				766C5D072AB8D173006EDAE5 /* CoreML-Model */,
				766C5CDD2AB8CEB0006EDAE5 /* CoreML_FirstApp.swift */,
				76ECE5FA2AC1EB57002FE763 /* CaptureView.swift */,
				766C5CDF2AB8CEB0006EDAE5 /* PictureView.swift */,
				76ECE5FC2AC23A4F002FE763 /* CameraManager.swift */,
				76B76AA22AC1ACFA00312A53 /* ImageCard.swift */,
				766C5CE12AB8CEB0006EDAE5 /* Assets.xcassets */,
				766C5CE32AB8CEB0006EDAE5 /* Preview Content */,
			);
			path = "CoreML-First";
			sourceTree = "<group>";
		};
		766C5CE32AB8CEB0006EDAE5 /* Preview Content */ = {
			isa = PBXGroup;
			children = (
				766C5CE42AB8CEB0006EDAE5 /* Preview Assets.xcassets */,
			);
			path = "Preview Content";
			sourceTree = "<group>";
		};
		766C5CED2AB8CEB0006EDAE5 /* CoreML-FirstTests */ = {
			isa = PBXGroup;
			children = (
				766C5CEE2AB8CEB0006EDAE5 /* CoreML_FirstTests.swift */,
			);
			path = "CoreML-FirstTests";
			sourceTree = "<group>";
		};
		766C5CF72AB8CEB0006EDAE5 /* CoreML-FirstUITests */ = {
			isa = PBXGroup;
			children = (
				766C5CF82AB8CEB0006EDAE5 /* CoreML_FirstUITests.swift */,
				766C5CFA2AB8CEB0006EDAE5 /* CoreML_FirstUITestsLaunchTests.swift */,
			);
			path = "CoreML-FirstUITests";
			sourceTree = "<group>";
		};
		766C5D072AB8D173006EDAE5 /* CoreML-Model */ = {
			isa = PBXGroup;
			children = (
				766C5D082AB8D194006EDAE5 /* Resnet50.mlmodel */,
			);
			path = "CoreML-Model";
			sourceTree = "<group>";
		};
/* End PBXGroup section */

/* Begin PBXNativeTarget section */
		766C5CD92AB8CEB0006EDAE5 /* CoreML-First */ = {
			isa = PBXNativeTarget;
			buildConfigurationList = 766C5CFE2AB8CEB0006EDAE5 /* Build configuration list for PBXNativeTarget "CoreML-First" */;
			buildPhases = (
				766C5CD62AB8CEB0006EDAE5 /* Sources */,
				766C5CD72AB8CEB0006EDAE5 /* Frameworks */,
				766C5CD82AB8CEB0006EDAE5 /* Resources */,
			);
			buildRules = (
			);
			dependencies = (
			);
			name = "CoreML-First";
			productName = "CoreML-First";
			productReference = 766C5CDA2AB8CEB0006EDAE5 /* CoreML-First.app */;
			productType = "com.apple.product-type.application";
		};
		766C5CE92AB8CEB0006EDAE5 /* CoreML-FirstTests */ = {
			isa = PBXNativeTarget;
			buildConfigurationList = 766C5D012AB8CEB0006EDAE5 /* Build configuration list for PBXNativeTarget "CoreML-FirstTests" */;
			buildPhases = (
				766C5CE62AB8CEB0006EDAE5 /* Sources */,
				766C5CE72AB8CEB0006EDAE5 /* Frameworks */,
				766C5CE82AB8CEB0006EDAE5 /* Resources */,
			);
			buildRules = (
			);
			dependencies = (
				766C5CEC2AB8CEB0006EDAE5 /* PBXTargetDependency */,
			);
			name = "CoreML-FirstTests";
			productName = "CoreML-FirstTests";
			productReference = 766C5CEA2AB8CEB0006EDAE5 /* CoreML-FirstTests.xctest */;
			productType = "com.apple.product-type.bundle.unit-test";
		};
		766C5CF32AB8CEB0006EDAE5 /* CoreML-FirstUITests */ = {
			isa = PBXNativeTarget;
			buildConfigurationList = 766C5D042AB8CEB0006EDAE5 /* Build configuration list for PBXNativeTarget "CoreML-FirstUITests" */;
			buildPhases = (
				766C5CF02AB8CEB0006EDAE5 /* Sources */,
				766C5CF12AB8CEB0006EDAE5 /* Frameworks */,
				766C5CF22AB8CEB0006EDAE5 /* Resources */,
			);
			buildRules = (
			);
			dependencies = (
				766C5CF62AB8CEB0006EDAE5 /* PBXTargetDependency */,
			);
			name = "CoreML-FirstUITests";
			productName = "CoreML-FirstUITests";
			productReference = 766C5CF42AB8CEB0006EDAE5 /* CoreML-FirstUITests.xctest */;
			productType = "com.apple.product-type.bundle.ui-testing";
		};
/* End PBXNativeTarget section */

/* Begin PBXProject section */
		766C5CD22AB8CEB0006EDAE5 /* Project object */ = {
			isa = PBXProject;
			attributes = {
				BuildIndependentTargetsInParallel = 1;
				LastSwiftUpdateCheck = 1500;
				LastUpgradeCheck = 1500;
				TargetAttributes = {
					766C5CD92AB8CEB0006EDAE5 = {
						CreatedOnToolsVersion = 15.0;
					};
					766C5CE92AB8CEB0006EDAE5 = {
						CreatedOnToolsVersion = 15.0;
						TestTargetID = 766C5CD92AB8CEB0006EDAE5;
					};
					766C5CF32AB8CEB0006EDAE5 = {
						CreatedOnToolsVersion = 15.0;
						TestTargetID = 766C5CD92AB8CEB0006EDAE5;
					};
				};
			};
			buildConfigurationList = 766C5CD52AB8CEB0006EDAE5 /* Build configuration list for PBXProject "CoreML-First" */;
			compatibilityVersion = "Xcode 14.0";
			developmentRegion = en;
			hasScannedForEncodings = 0;
			knownRegions = (
				en,
				Base,
			);
			mainGroup = 766C5CD12AB8CEB0006EDAE5;
			productRefGroup = 766C5CDB2AB8CEB0006EDAE5 /* Products */;
			projectDirPath = "";
			projectRoot = "";
			targets = (
				766C5CD92AB8CEB0006EDAE5 /* CoreML-First */,
				766C5CE92AB8CEB0006EDAE5 /* CoreML-FirstTests */,
				766C5CF32AB8CEB0006EDAE5 /* CoreML-FirstUITests */,
			);
		};
/* End PBXProject section */

/* Begin PBXResourcesBuildPhase section */
		766C5CD82AB8CEB0006EDAE5 /* Resources */ = {
			isa = PBXResourcesBuildPhase;
			buildActionMask = 2147483647;
			files = (
				764EF6412ABA41ED00A0E8CB /* README.md in Resources */,
				766C5CE52AB8CEB0006EDAE5 /* Preview Assets.xcassets in Resources */,
				766C5CE22AB8CEB0006EDAE5 /* Assets.xcassets in Resources */,
			);
			runOnlyForDeploymentPostprocessing = 0;
		};
		766C5CE82AB8CEB0006EDAE5 /* Resources */ = {
			isa = PBXResourcesBuildPhase;
			buildActionMask = 2147483647;
			files = (
			);
			runOnlyForDeploymentPostprocessing = 0;
		};
		766C5CF22AB8CEB0006EDAE5 /* Resources */ = {
			isa = PBXResourcesBuildPhase;
			buildActionMask = 2147483647;
			files = (
			);
			runOnlyForDeploymentPostprocessing = 0;
		};
/* End PBXResourcesBuildPhase section */

/* Begin PBXSourcesBuildPhase section */
		766C5CD62AB8CEB0006EDAE5 /* Sources */ = {
			isa = PBXSourcesBuildPhase;
			buildActionMask = 2147483647;
			files = (
				766C5CE02AB8CEB0006EDAE5 /* PictureView.swift in Sources */,
				766C5D092AB8D194006EDAE5 /* Resnet50.mlmodel in Sources */,
				766C5CDE2AB8CEB0006EDAE5 /* CoreML_FirstApp.swift in Sources */,
				76B76AA32AC1ACFA00312A53 /* ImageCard.swift in Sources */,
				76ECE5FD2AC23A4F002FE763 /* CameraManager.swift in Sources */,
				76ECE5FB2AC1EB57002FE763 /* CaptureView.swift in Sources */,
			);
			runOnlyForDeploymentPostprocessing = 0;
		};
		766C5CE62AB8CEB0006EDAE5 /* Sources */ = {
			isa = PBXSourcesBuildPhase;
			buildActionMask = 2147483647;
			files = (
				766C5CEF2AB8CEB0006EDAE5 /* CoreML_FirstTests.swift in Sources */,
			);
			runOnlyForDeploymentPostprocessing = 0;
		};
		766C5CF02AB8CEB0006EDAE5 /* Sources */ = {
			isa = PBXSourcesBuildPhase;
			buildActionMask = 2147483647;
			files = (
				766C5CF92AB8CEB0006EDAE5 /* CoreML_FirstUITests.swift in Sources */,
				766C5CFB2AB8CEB0006EDAE5 /* CoreML_FirstUITestsLaunchTests.swift in Sources */,
			);
			runOnlyForDeploymentPostprocessing = 0;
		};
/* End PBXSourcesBuildPhase section */

/* Begin PBXTargetDependency section */
		766C5CEC2AB8CEB0006EDAE5 /* PBXTargetDependency */ = {
			isa = PBXTargetDependency;
			target = 766C5CD92AB8CEB0006EDAE5 /* CoreML-First */;
			targetProxy = 766C5CEB2AB8CEB0006EDAE5 /* PBXContainerItemProxy */;
		};
		766C5CF62AB8CEB0006EDAE5 /* PBXTargetDependency */ = {
			isa = PBXTargetDependency;
			target = 766C5CD92AB8CEB0006EDAE5 /* CoreML-First */;
			targetProxy = 766C5CF52AB8CEB0006EDAE5 /* PBXContainerItemProxy */;
		};
/* End PBXTargetDependency section */

/* Begin XCBuildConfiguration section */
		766C5CFC2AB8CEB0006EDAE5 /* Debug */ = {
			isa = XCBuildConfiguration;
			buildSettings = {
				ALWAYS_SEARCH_USER_PATHS = NO;
				ASSETCATALOG_COMPILER_GENERATE_SWIFT_ASSET_SYMBOL_EXTENSIONS = YES;
				CLANG_ANALYZER_NONNULL = YES;
				CLANG_ANALYZER_NUMBER_OBJECT_CONVERSION = YES_AGGRESSIVE;
				CLANG_CXX_LANGUAGE_STANDARD = "gnu++20";
				CLANG_ENABLE_MODULES = YES;
				CLANG_ENABLE_OBJC_ARC = YES;
				CLANG_ENABLE_OBJC_WEAK = YES;
				CLANG_WARN_BLOCK_CAPTURE_AUTORELEASING = YES;
				CLANG_WARN_BOOL_CONVERSION = YES;
				CLANG_WARN_COMMA = YES;
				CLANG_WARN_CONSTANT_CONVERSION = YES;
				CLANG_WARN_DEPRECATED_OBJC_IMPLEMENTATIONS = YES;
				CLANG_WARN_DIRECT_OBJC_ISA_USAGE = YES_ERROR;
				CLANG_WARN_DOCUMENTATION_COMMENTS = YES;
				CLANG_WARN_EMPTY_BODY = YES;
				CLANG_WARN_ENUM_CONVERSION = YES;
				CLANG_WARN_INFINITE_RECURSION = YES;
				CLANG_WARN_INT_CONVERSION = YES;
				CLANG_WARN_NON_LITERAL_NULL_CONVERSION = YES;
				CLANG_WARN_OBJC_IMPLICIT_RETAIN_SELF = YES;
				CLANG_WARN_OBJC_LITERAL_CONVERSION = YES;
				CLANG_WARN_OBJC_ROOT_CLASS = YES_ERROR;
				CLANG_WARN_QUOTED_INCLUDE_IN_FRAMEWORK_HEADER = YES;
				CLANG_WARN_RANGE_LOOP_ANALYSIS = YES;
				CLANG_WARN_STRICT_PROTOTYPES = YES;
				CLANG_WARN_SUSPICIOUS_MOVE = YES;
				CLANG_WARN_UNGUARDED_AVAILABILITY = YES_AGGRESSIVE;
				CLANG_WARN_UNREACHABLE_CODE = YES;
				CLANG_WARN__DUPLICATE_METHOD_MATCH = YES;
				COPY_PHASE_STRIP = NO;
				DEBUG_INFORMATION_FORMAT = dwarf;
				ENABLE_STRICT_OBJC_MSGSEND = YES;
				ENABLE_TESTABILITY = YES;
				ENABLE_USER_SCRIPT_SANDBOXING = YES;
				GCC_C_LANGUAGE_STANDARD = gnu17;
				GCC_DYNAMIC_NO_PIC = NO;
				GCC_NO_COMMON_BLOCKS = YES;
				GCC_OPTIMIZATION_LEVEL = 0;
				GCC_PREPROCESSOR_DEFINITIONS = (
					"DEBUG=1",
					"$(inherited)",
				);
				GCC_WARN_64_TO_32_BIT_CONVERSION = YES;
				GCC_WARN_ABOUT_RETURN_TYPE = YES_ERROR;
				GCC_WARN_UNDECLARED_SELECTOR = YES;
				GCC_WARN_UNINITIALIZED_AUTOS = YES_AGGRESSIVE;
				GCC_WARN_UNUSED_FUNCTION = YES;
				GCC_WARN_UNUSED_VARIABLE = YES;
				IPHONEOS_DEPLOYMENT_TARGET = 17.0;
				LOCALIZATION_PREFERS_STRING_CATALOGS = YES;
				MTL_ENABLE_DEBUG_INFO = INCLUDE_SOURCE;
				MTL_FAST_MATH = YES;
				ONLY_ACTIVE_ARCH = YES;
				SDKROOT = iphoneos;
				SWIFT_ACTIVE_COMPILATION_CONDITIONS = "DEBUG $(inherited)";
				SWIFT_OPTIMIZATION_LEVEL = "-Onone";
			};
			name = Debug;
		};
		766C5CFD2AB8CEB0006EDAE5 /* Release */ = {
			isa = XCBuildConfiguration;
			buildSettings = {
				ALWAYS_SEARCH_USER_PATHS = NO;
				ASSETCATALOG_COMPILER_GENERATE_SWIFT_ASSET_SYMBOL_EXTENSIONS = YES;
				CLANG_ANALYZER_NONNULL = YES;
				CLANG_ANALYZER_NUMBER_OBJECT_CONVERSION = YES_AGGRESSIVE;
				CLANG_CXX_LANGUAGE_STANDARD = "gnu++20";
				CLANG_ENABLE_MODULES = YES;
				CLANG_ENABLE_OBJC_ARC = YES;
				CLANG_ENABLE_OBJC_WEAK = YES;
				CLANG_WARN_BLOCK_CAPTURE_AUTORELEASING = YES;
				CLANG_WARN_BOOL_CONVERSION = YES;
				CLANG_WARN_COMMA = YES;
				CLANG_WARN_CONSTANT_CONVERSION = YES;
				CLANG_WARN_DEPRECATED_OBJC_IMPLEMENTATIONS = YES;
				CLANG_WARN_DIRECT_OBJC_ISA_USAGE = YES_ERROR;
				CLANG_WARN_DOCUMENTATION_COMMENTS = YES;
				CLANG_WARN_EMPTY_BODY = YES;
				CLANG_WARN_ENUM_CONVERSION = YES;
				CLANG_WARN_INFINITE_RECURSION = YES;
				CLANG_WARN_INT_CONVERSION = YES;
				CLANG_WARN_NON_LITERAL_NULL_CONVERSION = YES;
				CLANG_WARN_OBJC_IMPLICIT_RETAIN_SELF = YES;
				CLANG_WARN_OBJC_LITERAL_CONVERSION = YES;
				CLANG_WARN_OBJC_ROOT_CLASS = YES_ERROR;
				CLANG_WARN_QUOTED_INCLUDE_IN_FRAMEWORK_HEADER = YES;
				CLANG_WARN_RANGE_LOOP_ANALYSIS = YES;
				CLANG_WARN_STRICT_PROTOTYPES = YES;
				CLANG_WARN_SUSPICIOUS_MOVE = YES;
				CLANG_WARN_UNGUARDED_AVAILABILITY = YES_AGGRESSIVE;
				CLANG_WARN_UNREACHABLE_CODE = YES;
				CLANG_WARN__DUPLICATE_METHOD_MATCH = YES;
				COPY_PHASE_STRIP = NO;
				DEBUG_INFORMATION_FORMAT = "dwarf-with-dsym";
				ENABLE_NS_ASSERTIONS = NO;
				ENABLE_STRICT_OBJC_MSGSEND = YES;
				ENABLE_USER_SCRIPT_SANDBOXING = YES;
				GCC_C_LANGUAGE_STANDARD = gnu17;
				GCC_NO_COMMON_BLOCKS = YES;
				GCC_WARN_64_TO_32_BIT_CONVERSION = YES;
				GCC_WARN_ABOUT_RETURN_TYPE = YES_ERROR;
				GCC_WARN_UNDECLARED_SELECTOR = YES;
				GCC_WARN_UNINITIALIZED_AUTOS = YES_AGGRESSIVE;
				GCC_WARN_UNUSED_FUNCTION = YES;
				GCC_WARN_UNUSED_VARIABLE = YES;
				IPHONEOS_DEPLOYMENT_TARGET = 17.0;
				LOCALIZATION_PREFERS_STRING_CATALOGS = YES;
				MTL_ENABLE_DEBUG_INFO = NO;
				MTL_FAST_MATH = YES;
				SDKROOT = iphoneos;
				SWIFT_COMPILATION_MODE = wholemodule;
				VALIDATE_PRODUCT = YES;
			};
			name = Release;
		};
		766C5CFF2AB8CEB0006EDAE5 /* Debug */ = {
			isa = XCBuildConfiguration;
			buildSettings = {
				ASSETCATALOG_COMPILER_APPICON_NAME = AppIcon;
				ASSETCATALOG_COMPILER_GLOBAL_ACCENT_COLOR_NAME = AccentColor;
				CODE_SIGN_STYLE = Automatic;
				CURRENT_PROJECT_VERSION = 1;
				DEVELOPMENT_ASSET_PATHS = "\"CoreML-First/Preview Content\"";
				DEVELOPMENT_TEAM = F342975UV4;
				ENABLE_PREVIEWS = YES;
				GENERATE_INFOPLIST_FILE = YES;
				INFOPLIST_KEY_NSCameraUsageDescription = "We need access to your camera to detect objects!";
				INFOPLIST_KEY_UIApplicationSceneManifest_Generation = YES;
				INFOPLIST_KEY_UIApplicationSupportsIndirectInputEvents = YES;
				INFOPLIST_KEY_UILaunchScreen_Generation = YES;
				INFOPLIST_KEY_UISupportedInterfaceOrientations_iPad = "UIInterfaceOrientationPortrait UIInterfaceOrientationPortraitUpsideDown UIInterfaceOrientationLandscapeLeft UIInterfaceOrientationLandscapeRight";
				INFOPLIST_KEY_UISupportedInterfaceOrientations_iPhone = "UIInterfaceOrientationPortrait UIInterfaceOrientationLandscapeLeft UIInterfaceOrientationLandscapeRight";
				IPHONEOS_DEPLOYMENT_TARGET = 17.0;
				LD_RUNPATH_SEARCH_PATHS = (
					"$(inherited)",
					"@executable_path/Frameworks",
				);
				MARKETING_VERSION = 1.0;
				PRODUCT_BUNDLE_IDENTIFIER = "net.efepe.CoreML-First";
				PRODUCT_NAME = "$(TARGET_NAME)";
				SWIFT_EMIT_LOC_STRINGS = YES;
				SWIFT_VERSION = 5.0;
				TARGETED_DEVICE_FAMILY = "1,2";
			};
			name = Debug;
		};
		766C5D002AB8CEB0006EDAE5 /* Release */ = {
			isa = XCBuildConfiguration;
			buildSettings = {
				ASSETCATALOG_COMPILER_APPICON_NAME = AppIcon;
				ASSETCATALOG_COMPILER_GLOBAL_ACCENT_COLOR_NAME = AccentColor;
				CODE_SIGN_STYLE = Automatic;
				CURRENT_PROJECT_VERSION = 1;
				DEVELOPMENT_ASSET_PATHS = "\"CoreML-First/Preview Content\"";
				DEVELOPMENT_TEAM = F342975UV4;
				ENABLE_PREVIEWS = YES;
				GENERATE_INFOPLIST_FILE = YES;
				INFOPLIST_KEY_NSCameraUsageDescription = "We need access to your camera to detect objects!";
				INFOPLIST_KEY_UIApplicationSceneManifest_Generation = YES;
				INFOPLIST_KEY_UIApplicationSupportsIndirectInputEvents = YES;
				INFOPLIST_KEY_UILaunchScreen_Generation = YES;
				INFOPLIST_KEY_UISupportedInterfaceOrientations_iPad = "UIInterfaceOrientationPortrait UIInterfaceOrientationPortraitUpsideDown UIInterfaceOrientationLandscapeLeft UIInterfaceOrientationLandscapeRight";
				INFOPLIST_KEY_UISupportedInterfaceOrientations_iPhone = "UIInterfaceOrientationPortrait UIInterfaceOrientationLandscapeLeft UIInterfaceOrientationLandscapeRight";
				IPHONEOS_DEPLOYMENT_TARGET = 17.0;
				LD_RUNPATH_SEARCH_PATHS = (
					"$(inherited)",
					"@executable_path/Frameworks",
				);
				MARKETING_VERSION = 1.0;
				PRODUCT_BUNDLE_IDENTIFIER = "net.efepe.CoreML-First";
				PRODUCT_NAME = "$(TARGET_NAME)";
				SWIFT_EMIT_LOC_STRINGS = YES;
				SWIFT_VERSION = 5.0;
				TARGETED_DEVICE_FAMILY = "1,2";
			};
			name = Release;
		};
		766C5D022AB8CEB0006EDAE5 /* Debug */ = {
			isa = XCBuildConfiguration;
			buildSettings = {
				ALWAYS_EMBED_SWIFT_STANDARD_LIBRARIES = YES;
				BUNDLE_LOADER = "$(TEST_HOST)";
				CODE_SIGN_STYLE = Automatic;
				CURRENT_PROJECT_VERSION = 1;
				DEVELOPMENT_TEAM = F342975UV4;
				GENERATE_INFOPLIST_FILE = YES;
				IPHONEOS_DEPLOYMENT_TARGET = 17.0;
				MARKETING_VERSION = 1.0;
				PRODUCT_BUNDLE_IDENTIFIER = "net.efepe.CoreML-FirstTests";
				PRODUCT_NAME = "$(TARGET_NAME)";
				SWIFT_EMIT_LOC_STRINGS = NO;
				SWIFT_VERSION = 5.0;
				TARGETED_DEVICE_FAMILY = "1,2";
				TEST_HOST = "$(BUILT_PRODUCTS_DIR)/CoreML-First.app/$(BUNDLE_EXECUTABLE_FOLDER_PATH)/CoreML-First";
			};
			name = Debug;
		};
		766C5D032AB8CEB0006EDAE5 /* Release */ = {
			isa = XCBuildConfiguration;
			buildSettings = {
				ALWAYS_EMBED_SWIFT_STANDARD_LIBRARIES = YES;
				BUNDLE_LOADER = "$(TEST_HOST)";
				CODE_SIGN_STYLE = Automatic;
				CURRENT_PROJECT_VERSION = 1;
				DEVELOPMENT_TEAM = F342975UV4;
				GENERATE_INFOPLIST_FILE = YES;
				IPHONEOS_DEPLOYMENT_TARGET = 17.0;
				MARKETING_VERSION = 1.0;
				PRODUCT_BUNDLE_IDENTIFIER = "net.efepe.CoreML-FirstTests";
				PRODUCT_NAME = "$(TARGET_NAME)";
				SWIFT_EMIT_LOC_STRINGS = NO;
				SWIFT_VERSION = 5.0;
				TARGETED_DEVICE_FAMILY = "1,2";
				TEST_HOST = "$(BUILT_PRODUCTS_DIR)/CoreML-First.app/$(BUNDLE_EXECUTABLE_FOLDER_PATH)/CoreML-First";
			};
			name = Release;
		};
		766C5D052AB8CEB0006EDAE5 /* Debug */ = {
			isa = XCBuildConfiguration;
			buildSettings = {
				ALWAYS_EMBED_SWIFT_STANDARD_LIBRARIES = YES;
				CODE_SIGN_STYLE = Automatic;
				CURRENT_PROJECT_VERSION = 1;
				DEVELOPMENT_TEAM = F342975UV4;
				GENERATE_INFOPLIST_FILE = YES;
				MARKETING_VERSION = 1.0;
				PRODUCT_BUNDLE_IDENTIFIER = "net.efepe.CoreML-FirstUITests";
				PRODUCT_NAME = "$(TARGET_NAME)";
				SWIFT_EMIT_LOC_STRINGS = NO;
				SWIFT_VERSION = 5.0;
				TARGETED_DEVICE_FAMILY = "1,2";
				TEST_TARGET_NAME = "CoreML-First";
			};
			name = Debug;
		};
		766C5D062AB8CEB0006EDAE5 /* Release */ = {
			isa = XCBuildConfiguration;
			buildSettings = {
				ALWAYS_EMBED_SWIFT_STANDARD_LIBRARIES = YES;
				CODE_SIGN_STYLE = Automatic;
				CURRENT_PROJECT_VERSION = 1;
				DEVELOPMENT_TEAM = F342975UV4;
				GENERATE_INFOPLIST_FILE = YES;
				MARKETING_VERSION = 1.0;
				PRODUCT_BUNDLE_IDENTIFIER = "net.efepe.CoreML-FirstUITests";
				PRODUCT_NAME = "$(TARGET_NAME)";
				SWIFT_EMIT_LOC_STRINGS = NO;
				SWIFT_VERSION = 5.0;
				TARGETED_DEVICE_FAMILY = "1,2";
				TEST_TARGET_NAME = "CoreML-First";
			};
			name = Release;
		};
/* End XCBuildConfiguration section */

/* Begin XCConfigurationList section */
		766C5CD52AB8CEB0006EDAE5 /* Build configuration list for PBXProject "CoreML-First" */ = {
			isa = XCConfigurationList;
			buildConfigurations = (
				766C5CFC2AB8CEB0006EDAE5 /* Debug */,
				766C5CFD2AB8CEB0006EDAE5 /* Release */,
			);
			defaultConfigurationIsVisible = 0;
			defaultConfigurationName = Release;
		};
		766C5CFE2AB8CEB0006EDAE5 /* Build configuration list for PBXNativeTarget "CoreML-First" */ = {
			isa = XCConfigurationList;
			buildConfigurations = (
				766C5CFF2AB8CEB0006EDAE5 /* Debug */,
				766C5D002AB8CEB0006EDAE5 /* Release */,
			);
			defaultConfigurationIsVisible = 0;
			defaultConfigurationName = Release;
		};
		766C5D012AB8CEB0006EDAE5 /* Build configuration list for PBXNativeTarget "CoreML-FirstTests" */ = {
			isa = XCConfigurationList;
			buildConfigurations = (
				766C5D022AB8CEB0006EDAE5 /* Debug */,
				766C5D032AB8CEB0006EDAE5 /* Release */,
			);
			defaultConfigurationIsVisible = 0;
			defaultConfigurationName = Release;
		};
		766C5D042AB8CEB0006EDAE5 /* Build configuration list for PBXNativeTarget "CoreML-FirstUITests" */ = {
			isa = XCConfigurationList;
			buildConfigurations = (
				766C5D052AB8CEB0006EDAE5 /* Debug */,
				766C5D062AB8CEB0006EDAE5 /* Release */,
			);
			defaultConfigurationIsVisible = 0;
			defaultConfigurationName = Release;
		};
/* End XCConfigurationList section */
	};
	rootObject = 766C5CD22AB8CEB0006EDAE5 /* Project object */;
}
